# This file is automatically @generated by Cargo.
# It is not intended for manual editing.
version = 3

[[package]]
name = "ece320tools"
version = "0.0.0"
dependencies = [
 "riscv_tools",
]

[[package]]
name = "quickbits"
version = "0.1.1"
source = "registry+https://github.com/rust-lang/crates.io-index"
checksum = "54e5ff2f489f180f10751ddcdd49b2f56b4aa2ea32971b3c4375f4632a8dc8ad"

[[package]]
name = "riscv_tools"
version = "0.0.0"
source = "git+https://git.jekel.ca/jzj/riscv_tools.git?branch=jzj/stableish_branch_for_ece320_tools#335513c45b940bdffe749b75364c85746372d57a"
dependencies = [
 "quickbits",
]
